
Microsoft Visual Studio Solution File, Format Version 12.00
# Visual Studio Version 17
VisualStudioVersion = 17.3.32811.315
MinimumVisualStudioVersion = 10.0.40219.1
Project("{9A19103F-16F7-4668-BE54-9A1E7A4F7556}") = "mongo-webapi", "mongo-webapi\mongo-webapi.csproj", "{337833FE-CC19-4B3E-848E-ADA3BA24B1D9}"
EndProject
Project("{2150E333-8FDC-42A3-9474-1A3956D46DE8}") = "2. Core", "2. Core", "{B11A1CE7-CF03-4273-9AA5-45D3F8F74D46}"
EndProject
Project("{2150E333-8FDC-42A3-9474-1A3956D46DE8}") = "1. API", "1. API", "{23BDA3FA-4947-4633-B290-328591726145}"
EndProject
Project("{9A19103F-16F7-4668-BE54-9A1E7A4F7556}") = "Crm.Mongo.Domain", "..\building blocks\Crm.Mongo.Domain\Crm.Mongo.Domain.csproj", "{09B7EB87-3ED8-4702-B5BE-46E6FE576D1C}"
EndProject
Project("{9A19103F-16F7-4668-BE54-9A1E7A4F7556}") = "Crm.Mongo.Infrastructure", "..\building blocks\Crm.Mongo.Infrastructure\Crm.Mongo.Infrastructure.csproj", "{3BF5F9EA-588E-402A-8889-B70D51DB10C9}"
EndProject
Global
	GlobalSection(SolutionConfigurationPlatforms) = preSolution
		Debug|Any CPU = Debug|Any CPU
		Release|Any CPU = Release|Any CPU
	EndGlobalSection
	GlobalSection(ProjectConfigurationPlatforms) = postSolution
		{337833FE-CC19-4B3E-848E-ADA3BA24B1D9}.Debug|Any CPU.ActiveCfg = Debug|Any CPU
		{337833FE-CC19-4B3E-848E-ADA3BA24B1D9}.Debug|Any CPU.Build.0 = Debug|Any CPU
		{337833FE-CC19-4B3E-848E-ADA3BA24B1D9}.Release|Any CPU.ActiveCfg = Release|Any CPU
		{337833FE-CC19-4B3E-848E-ADA3BA24B1D9}.Release|Any CPU.Build.0 = Release|Any CPU
		{09B7EB87-3ED8-4702-B5BE-46E6FE576D1C}.Debug|Any CPU.ActiveCfg = Debug|Any CPU
		{09B7EB87-3ED8-4702-B5BE-46E6FE576D1C}.Debug|Any CPU.Build.0 = Debug|Any CPU
		{09B7EB87-3ED8-4702-B5BE-46E6FE576D1C}.Release|Any CPU.ActiveCfg = Release|Any CPU
		{09B7EB87-3ED8-4702-B5BE-46E6FE576D1C}.Release|Any CPU.Build.0 = Release|Any CPU
		{3BF5F9EA-588E-402A-8889-B70D51DB10C9}.Debug|Any CPU.ActiveCfg = Debug|Any CPU
		{3BF5F9EA-588E-402A-8889-B70D51DB10C9}.Debug|Any CPU.Build.0 = Debug|Any CPU
		{3BF5F9EA-588E-402A-8889-B70D51DB10C9}.Release|Any CPU.ActiveCfg = Release|Any CPU
		{3BF5F9EA-588E-402A-8889-B70D51DB10C9}.Release|Any CPU.Build.0 = Release|Any CPU
	EndGlobalSection
	GlobalSection(SolutionProperties) = preSolution
		HideSolutionNode = FALSE
	EndGlobalSection
	GlobalSection(NestedProjects) = preSolution
		{337833FE-CC19-4B3E-848E-ADA3BA24B1D9} = {23BDA3FA-4947-4633-B290-328591726145}
		{09B7EB87-3ED8-4702-B5BE-46E6FE576D1C} = {B11A1CE7-CF03-4273-9AA5-45D3F8F74D46}
		{3BF5F9EA-588E-402A-8889-B70D51DB10C9} = {B11A1CE7-CF03-4273-9AA5-45D3F8F74D46}
	EndGlobalSection
	GlobalSection(ExtensibilityGlobals) = postSolution
		SolutionGuid = {08315A2B-4C2B-4532-9DCD-15F1B7EF1B6E}
	EndGlobalSection
EndGlobal
